
Microsoft Visual Studio Solution File, Format Version 12.00
# Visual Studio Version 16
VisualStudioVersion = 16.0.30804.86
MinimumVisualStudioVersion = 10.0.40219.1
Project("{FAE04EC0-301F-11D3-BF4B-00C04F79EFBC}") = "WpfApp32", "WpfApp32\WpfApp32.csproj", "{704BBE0A-BAF9-4A9B-8C6B-3CD5793A0C64}"
EndProject
Global
	GlobalSection(SolutionConfigurationPlatforms) = preSolution
		Debug|Any CPU = Debug|Any CPU
		Release|Any CPU = Release|Any CPU
	EndGlobalSection
	GlobalSection(ProjectConfigurationPlatforms) = postSolution
		{704BBE0A-BAF9-4A9B-8C6B-3CD5793A0C64}.Debug|Any CPU.ActiveCfg = Debug|Any CPU
		{704BBE0A-BAF9-4A9B-8C6B-3CD5793A0C64}.Debug|Any CPU.Build.0 = Debug|Any CPU
		{704BBE0A-BAF9-4A9B-8C6B-3CD5793A0C64}.Release|Any CPU.ActiveCfg = Release|Any CPU
		{704BBE0A-BAF9-4A9B-8C6B-3CD5793A0C64}.Release|Any CPU.Build.0 = Release|Any CPU
	EndGlobalSection
	GlobalSection(SolutionProperties) = preSolution
		HideSolutionNode = FALSE
	EndGlobalSection
	GlobalSection(ExtensibilityGlobals) = postSolution
		SolutionGuid = {05D7F346-704B-4B3F-81CE-86E8F9D218D2}
	EndGlobalSection
EndGlobal
